PODS:
  - Alamofire (5.7.1)
  - AlamofireImage (4.2.0):
    - Alamofire (~> 5.4)
  - BEMCheckBox (1.4.1)
  - DeviceKit (5.0.0)
  - DGCharts (5.0.0):
    - DGCharts/Core (= 5.0.0)
  - DGCharts/Core (5.0.0)
  - IQKeyboardManagerSwift (6.5.12)
  - IQListKit (6.1.1)
  - MarqueeLabel (4.3.1)
  - SideMenu (6.5.0)
  - SKActivityIndicatorView (1.0.0)
  - SkyFloatingLabelTextField (4.0.0)
  - StatusAlert (1.1.1)

DEPENDENCIES:
  - AlamofireImage
  - BEMCheckBox
  - DeviceKit
  - DGCharts
  - IQKeyboardManagerSwift
  - IQListKit (= 6.1.1)
  - MarqueeLabel
  - SideMenu
  - SKActivityIndicatorView
  - SkyFloatingLabelTextField
  - StatusAlert

SPEC REPOS:
  trunk:
    - Alamofire
    - AlamofireImage
    - BEMCheckBox
    - DeviceKit
    - DGCharts
    - IQKeyboardManagerSwift
    - IQListKit
    - MarqueeLabel
    - SideMenu
    - SKActivityIndicatorView
    - SkyFloatingLabelTextField
    - StatusAlert

SPEC CHECKSUMS:
  Alamofire: 0123a34370cb170936ae79a8df46cc62b2edeb88
  AlamofireImage: 34a2d90b0e5fe6a5605f85ae4b7b01e784c60192
  BEMCheckBox: 5ba6e37ade3d3657b36caecc35c8b75c6c2b1a4e
  DeviceKit: 0fd016a2cb67aca17c33dc23171cac270131eb88
  DGCharts: 6e0cf2644e8f81ad13f04caa8bc18502870a1c54
  IQKeyboardManagerSwift: 371b08cb39664fb56030f5345c815a4ffc74bbc0
  IQListKit: 064c1dbebbdf34adcedc61c82fff6e2c18640fdf
  MarqueeLabel: da4b9cf619fe70c75d7bab4580b0b4a0b868aa6b
  SideMenu: f583187d21c5b1dd04c72002be544b555a2627a2
  SKActivityIndicatorView: 81c123380127ad497f9b57cd4d11347e40ab3427
  SkyFloatingLabelTextField: 79ddc40e4ad59707fedbb48d605417aee48bb78a
  StatusAlert: a18ec3c33d36a06d4479c1f2b15ffac67aaf7ab1

PODFILE CHECKSUM: 0fedcddc43ebe04d92f50bc1a097e4074c44e66c

COCOAPODS: 1.12.1
